
Microsoft Visual Studio Solution File, Format Version 12.00
# Visual Studio Version 17
VisualStudioVersion = 17.9.34622.214
MinimumVisualStudioVersion = 10.0.40219.1
Project("{FAE04EC0-301F-11D3-BF4B-00C04F79EFBC}") = "EmailService", "EmailService\EmailService.csproj", "{AB370CB4-4E89-4726-88D4-07D8E2204ED3}"
EndProject
Project("{9A19103F-16F7-4668-BE54-9A1E7A4F7556}") = "Core", "..\Core\Core\Core.csproj", "{37A1367D-B472-4850-AD8D-E395A9B32327}"
EndProject
Global
	GlobalSection(SolutionConfigurationPlatforms) = preSolution
		Debug|Any CPU = Debug|Any CPU
		Release|Any CPU = Release|Any CPU
	EndGlobalSection
	GlobalSection(ProjectConfigurationPlatforms) = postSolution
		{AB370CB4-4E89-4726-88D4-07D8E2204ED3}.Debug|Any CPU.ActiveCfg = Debug|Any CPU
		{AB370CB4-4E89-4726-88D4-07D8E2204ED3}.Debug|Any CPU.Build.0 = Debug|Any CPU
		{AB370CB4-4E89-4726-88D4-07D8E2204ED3}.Release|Any CPU.ActiveCfg = Release|Any CPU
		{AB370CB4-4E89-4726-88D4-07D8E2204ED3}.Release|Any CPU.Build.0 = Release|Any CPU
		{37A1367D-B472-4850-AD8D-E395A9B32327}.Debug|Any CPU.ActiveCfg = Debug|Any CPU
		{37A1367D-B472-4850-AD8D-E395A9B32327}.Debug|Any CPU.Build.0 = Debug|Any CPU
		{37A1367D-B472-4850-AD8D-E395A9B32327}.Release|Any CPU.ActiveCfg = Release|Any CPU
		{37A1367D-B472-4850-AD8D-E395A9B32327}.Release|Any CPU.Build.0 = Release|Any CPU
	EndGlobalSection
	GlobalSection(SolutionProperties) = preSolution
		HideSolutionNode = FALSE
	EndGlobalSection
	GlobalSection(ExtensibilityGlobals) = postSolution
		SolutionGuid = {91DC7A73-CF35-4F0A-A064-4FA6F80471DD}
	EndGlobalSection
EndGlobal
