
Microsoft Visual Studio Solution File, Format Version 12.00
# Visual Studio Version 17
VisualStudioVersion = 17.9.34622.214
MinimumVisualStudioVersion = 10.0.40219.1
Project("{9A19103F-16F7-4668-BE54-9A1E7A4F7556}") = "Core", "..\Core\Core\Core.csproj", "{ACF6CB4A-BD95-43FA-9609-C20C87D9A5C1}"
EndProject
Project("{9A19103F-16F7-4668-BE54-9A1E7A4F7556}") = "RecruitmentService.Persistance", "RecruitmentService.Persistance\RecruitmentService.Persistance.csproj", "{200A86BD-5F36-46A6-BD4D-D82A7CEFF77A}"
EndProject
Project("{9A19103F-16F7-4668-BE54-9A1E7A4F7556}") = "RecruitmentService.Domain", "RecruitmentService.Domain\RecruitmentService.Domain.csproj", "{BD3CF9FC-9C22-48E2-A9DF-8EABF33A6BA9}"
EndProject
Project("{9A19103F-16F7-4668-BE54-9A1E7A4F7556}") = "RecruitmentService.Application", "RecruitmentService.Application\RecruitmentService.Application.csproj", "{9BCE5EED-7EDA-4A79-94DE-116CA891DB1E}"
EndProject
Project("{FAE04EC0-301F-11D3-BF4B-00C04F79EFBC}") = "RecruitmentService.Web", "RecruitmentService.Web\RecruitmentService.Web.csproj", "{A84C9326-0446-4256-A5CA-33827785B2C0}"
EndProject
Global
	GlobalSection(SolutionConfigurationPlatforms) = preSolution
		Debug|Any CPU = Debug|Any CPU
		Release|Any CPU = Release|Any CPU
	EndGlobalSection
	GlobalSection(ProjectConfigurationPlatforms) = postSolution
		{ACF6CB4A-BD95-43FA-9609-C20C87D9A5C1}.Debug|Any CPU.ActiveCfg = Debug|Any CPU
		{ACF6CB4A-BD95-43FA-9609-C20C87D9A5C1}.Debug|Any CPU.Build.0 = Debug|Any CPU
		{ACF6CB4A-BD95-43FA-9609-C20C87D9A5C1}.Release|Any CPU.ActiveCfg = Release|Any CPU
		{ACF6CB4A-BD95-43FA-9609-C20C87D9A5C1}.Release|Any CPU.Build.0 = Release|Any CPU
		{200A86BD-5F36-46A6-BD4D-D82A7CEFF77A}.Debug|Any CPU.ActiveCfg = Debug|Any CPU
		{200A86BD-5F36-46A6-BD4D-D82A7CEFF77A}.Debug|Any CPU.Build.0 = Debug|Any CPU
		{200A86BD-5F36-46A6-BD4D-D82A7CEFF77A}.Release|Any CPU.ActiveCfg = Release|Any CPU
		{200A86BD-5F36-46A6-BD4D-D82A7CEFF77A}.Release|Any CPU.Build.0 = Release|Any CPU
		{BD3CF9FC-9C22-48E2-A9DF-8EABF33A6BA9}.Debug|Any CPU.ActiveCfg = Debug|Any CPU
		{BD3CF9FC-9C22-48E2-A9DF-8EABF33A6BA9}.Debug|Any CPU.Build.0 = Debug|Any CPU
		{BD3CF9FC-9C22-48E2-A9DF-8EABF33A6BA9}.Release|Any CPU.ActiveCfg = Release|Any CPU
		{BD3CF9FC-9C22-48E2-A9DF-8EABF33A6BA9}.Release|Any CPU.Build.0 = Release|Any CPU
		{9BCE5EED-7EDA-4A79-94DE-116CA891DB1E}.Debug|Any CPU.ActiveCfg = Debug|Any CPU
		{9BCE5EED-7EDA-4A79-94DE-116CA891DB1E}.Debug|Any CPU.Build.0 = Debug|Any CPU
		{9BCE5EED-7EDA-4A79-94DE-116CA891DB1E}.Release|Any CPU.ActiveCfg = Release|Any CPU
		{9BCE5EED-7EDA-4A79-94DE-116CA891DB1E}.Release|Any CPU.Build.0 = Release|Any CPU
		{A84C9326-0446-4256-A5CA-33827785B2C0}.Debug|Any CPU.ActiveCfg = Debug|Any CPU
		{A84C9326-0446-4256-A5CA-33827785B2C0}.Debug|Any CPU.Build.0 = Debug|Any CPU
		{A84C9326-0446-4256-A5CA-33827785B2C0}.Release|Any CPU.ActiveCfg = Release|Any CPU
		{A84C9326-0446-4256-A5CA-33827785B2C0}.Release|Any CPU.Build.0 = Release|Any CPU
	EndGlobalSection
	GlobalSection(SolutionProperties) = preSolution
		HideSolutionNode = FALSE
	EndGlobalSection
	GlobalSection(ExtensibilityGlobals) = postSolution
		SolutionGuid = {81D856E4-980F-4319-805E-FE7A556505BD}
	EndGlobalSection
EndGlobal
