
Microsoft Visual Studio Solution File, Format Version 12.00
# Visual Studio Version 17
VisualStudioVersion = 17.9.34622.214
MinimumVisualStudioVersion = 10.0.40219.1
Project("{9A19103F-16F7-4668-BE54-9A1E7A4F7556}") = "UserService.Web", "Web\UserService.Web.csproj", "{E8FB34FE-5C8A-4C57-A5C9-DE71DE031C42}"
EndProject
Project("{9A19103F-16F7-4668-BE54-9A1E7A4F7556}") = "UserService.Persistance", "UserService.Database\UserService.Persistance.csproj", "{1DD32D43-DE3C-47E0-A6C9-92CE444AD0DC}"
EndProject
Project("{9A19103F-16F7-4668-BE54-9A1E7A4F7556}") = "UserService.Models", "UserService.Models\UserService.Models.csproj", "{D17384AC-C1A9-4C3F-A5BD-0F1862687D3C}"
EndProject
Project("{9A19103F-16F7-4668-BE54-9A1E7A4F7556}") = "UserService.Services", "UserService.Services\UserService.Services.csproj", "{5BB27514-F018-4963-9F11-8FBA3CF03536}"
EndProject
Project("{2150E333-8FDC-42A3-9474-1A3956D46DE8}") = "Solution Items", "Solution Items", "{FBBE277A-B973-4794-91C7-D96C30D78CBA}"
EndProject
Project("{9A19103F-16F7-4668-BE54-9A1E7A4F7556}") = "Core", "..\Core\Core\Core.csproj", "{1F3E0453-99F9-44F8-8DB1-5BECF72F06A9}"
EndProject
Global
	GlobalSection(SolutionConfigurationPlatforms) = preSolution
		Debug|Any CPU = Debug|Any CPU
		Release|Any CPU = Release|Any CPU
	EndGlobalSection
	GlobalSection(ProjectConfigurationPlatforms) = postSolution
		{E8FB34FE-5C8A-4C57-A5C9-DE71DE031C42}.Debug|Any CPU.ActiveCfg = Debug|Any CPU
		{E8FB34FE-5C8A-4C57-A5C9-DE71DE031C42}.Debug|Any CPU.Build.0 = Debug|Any CPU
		{E8FB34FE-5C8A-4C57-A5C9-DE71DE031C42}.Release|Any CPU.ActiveCfg = Release|Any CPU
		{E8FB34FE-5C8A-4C57-A5C9-DE71DE031C42}.Release|Any CPU.Build.0 = Release|Any CPU
		{1DD32D43-DE3C-47E0-A6C9-92CE444AD0DC}.Debug|Any CPU.ActiveCfg = Debug|Any CPU
		{1DD32D43-DE3C-47E0-A6C9-92CE444AD0DC}.Debug|Any CPU.Build.0 = Debug|Any CPU
		{1DD32D43-DE3C-47E0-A6C9-92CE444AD0DC}.Release|Any CPU.ActiveCfg = Release|Any CPU
		{1DD32D43-DE3C-47E0-A6C9-92CE444AD0DC}.Release|Any CPU.Build.0 = Release|Any CPU
		{D17384AC-C1A9-4C3F-A5BD-0F1862687D3C}.Debug|Any CPU.ActiveCfg = Debug|Any CPU
		{D17384AC-C1A9-4C3F-A5BD-0F1862687D3C}.Debug|Any CPU.Build.0 = Debug|Any CPU
		{D17384AC-C1A9-4C3F-A5BD-0F1862687D3C}.Release|Any CPU.ActiveCfg = Release|Any CPU
		{D17384AC-C1A9-4C3F-A5BD-0F1862687D3C}.Release|Any CPU.Build.0 = Release|Any CPU
		{5BB27514-F018-4963-9F11-8FBA3CF03536}.Debug|Any CPU.ActiveCfg = Debug|Any CPU
		{5BB27514-F018-4963-9F11-8FBA3CF03536}.Debug|Any CPU.Build.0 = Debug|Any CPU
		{5BB27514-F018-4963-9F11-8FBA3CF03536}.Release|Any CPU.ActiveCfg = Release|Any CPU
		{5BB27514-F018-4963-9F11-8FBA3CF03536}.Release|Any CPU.Build.0 = Release|Any CPU
		{1F3E0453-99F9-44F8-8DB1-5BECF72F06A9}.Debug|Any CPU.ActiveCfg = Debug|Any CPU
		{1F3E0453-99F9-44F8-8DB1-5BECF72F06A9}.Debug|Any CPU.Build.0 = Debug|Any CPU
		{1F3E0453-99F9-44F8-8DB1-5BECF72F06A9}.Release|Any CPU.ActiveCfg = Release|Any CPU
		{1F3E0453-99F9-44F8-8DB1-5BECF72F06A9}.Release|Any CPU.Build.0 = Release|Any CPU
	EndGlobalSection
	GlobalSection(SolutionProperties) = preSolution
		HideSolutionNode = FALSE
	EndGlobalSection
	GlobalSection(ExtensibilityGlobals) = postSolution
		SolutionGuid = {3E9971E8-AD82-41E5-B55E-C48562E39EF1}
	EndGlobalSection
EndGlobal
